
Microsoft Visual Studio Solution File, Format Version 12.00
# Visual Studio Version 16
VisualStudioVersion = 16.0.28922.388
MinimumVisualStudioVersion = 10.0.40219.1
Project("{FAE04EC0-301F-11D3-BF4B-00C04F79EFBC}") = "Markers and Paths Module", "Markers and Paths Module\Markers and Paths Module.csproj", "{044AD53D-064F-49B2-8B24-F7D66177AB65}"
EndProject
Project("{FAE04EC0-301F-11D3-BF4B-00C04F79EFBC}") = "Compass Module", "Compass Module\Compass Module.csproj", "{A80FBCB3-A7B0-4808-82D9-F6B7C312A8A6}"
EndProject
Project("{FAE04EC0-301F-11D3-BF4B-00C04F79EFBC}") = "Loading Screen Hints Module", "Loading Screen Hints Module\Loading Screen Hints Module.csproj", "{F6C1BF91-DEAA-4413-946D-074C67672CB7}"
EndProject
Project("{FAE04EC0-301F-11D3-BF4B-00C04F79EFBC}") = "Musician Module", "Musician Module\Musician Module.csproj", "{6DECE0BA-3D4B-47E0-AB9D-66F31917D201}"
EndProject
Project("{FAE04EC0-301F-11D3-BF4B-00C04F79EFBC}") = "Events Module", "Events Module\Events Module.csproj", "{D9B0225E-5C5D-4D98-906C-AAE89F4D04D9}"
EndProject
Project("{FAE04EC0-301F-11D3-BF4B-00C04F79EFBC}") = "Discord Rich Presence Module", "Discord Rich Presence Module\Discord Rich Presence Module.csproj", "{1DED6817-F7EB-4273-B793-9314D8E3E8D9}"
EndProject
Project("{FAE04EC0-301F-11D3-BF4B-00C04F79EFBC}") = "Universal Search Module", "Universal Search Module\Universal Search Module.csproj", "{B7515421-CC85-4CB1-9EE3-F526B4509D60}"
EndProject
Project("{FAE04EC0-301F-11D3-BF4B-00C04F79EFBC}") = "Random Module", "Random Module\Random Module.csproj", "{FEC31CE0-4539-4A1B-A633-78E3BDBD8C56}"
EndProject
Global
	GlobalSection(SolutionConfigurationPlatforms) = preSolution
		Debug|Any CPU = Debug|Any CPU
		Debug|x64 = Debug|x64
		Release|Any CPU = Release|Any CPU
		Release|x64 = Release|x64
	EndGlobalSection
	GlobalSection(ProjectConfigurationPlatforms) = postSolution
		{044AD53D-064F-49B2-8B24-F7D66177AB65}.Debug|Any CPU.ActiveCfg = Debug|x64
		{044AD53D-064F-49B2-8B24-F7D66177AB65}.Debug|x64.ActiveCfg = Debug|x64
		{044AD53D-064F-49B2-8B24-F7D66177AB65}.Debug|x64.Build.0 = Debug|x64
		{044AD53D-064F-49B2-8B24-F7D66177AB65}.Release|Any CPU.ActiveCfg = Release|x64
		{044AD53D-064F-49B2-8B24-F7D66177AB65}.Release|x64.ActiveCfg = Release|x64
		{044AD53D-064F-49B2-8B24-F7D66177AB65}.Release|x64.Build.0 = Release|x64
		{A80FBCB3-A7B0-4808-82D9-F6B7C312A8A6}.Debug|Any CPU.ActiveCfg = Debug|Any CPU
		{A80FBCB3-A7B0-4808-82D9-F6B7C312A8A6}.Debug|Any CPU.Build.0 = Debug|Any CPU
		{A80FBCB3-A7B0-4808-82D9-F6B7C312A8A6}.Debug|x64.ActiveCfg = Debug|x64
		{A80FBCB3-A7B0-4808-82D9-F6B7C312A8A6}.Debug|x64.Build.0 = Debug|x64
		{A80FBCB3-A7B0-4808-82D9-F6B7C312A8A6}.Release|Any CPU.ActiveCfg = Release|Any CPU
		{A80FBCB3-A7B0-4808-82D9-F6B7C312A8A6}.Release|Any CPU.Build.0 = Release|Any CPU
		{A80FBCB3-A7B0-4808-82D9-F6B7C312A8A6}.Release|x64.ActiveCfg = Release|x64
		{A80FBCB3-A7B0-4808-82D9-F6B7C312A8A6}.Release|x64.Build.0 = Release|x64
		{F6C1BF91-DEAA-4413-946D-074C67672CB7}.Debug|Any CPU.ActiveCfg = Debug|Any CPU
		{F6C1BF91-DEAA-4413-946D-074C67672CB7}.Debug|Any CPU.Build.0 = Debug|Any CPU
		{F6C1BF91-DEAA-4413-946D-074C67672CB7}.Debug|x64.ActiveCfg = Debug|x64
		{F6C1BF91-DEAA-4413-946D-074C67672CB7}.Debug|x64.Build.0 = Debug|x64
		{F6C1BF91-DEAA-4413-946D-074C67672CB7}.Release|Any CPU.ActiveCfg = Release|Any CPU
		{F6C1BF91-DEAA-4413-946D-074C67672CB7}.Release|Any CPU.Build.0 = Release|Any CPU
		{F6C1BF91-DEAA-4413-946D-074C67672CB7}.Release|x64.ActiveCfg = Release|x64
		{F6C1BF91-DEAA-4413-946D-074C67672CB7}.Release|x64.Build.0 = Release|x64
		{6DECE0BA-3D4B-47E0-AB9D-66F31917D201}.Debug|Any CPU.ActiveCfg = Debug|Any CPU
		{6DECE0BA-3D4B-47E0-AB9D-66F31917D201}.Debug|Any CPU.Build.0 = Debug|Any CPU
		{6DECE0BA-3D4B-47E0-AB9D-66F31917D201}.Debug|x64.ActiveCfg = Debug|x64
		{6DECE0BA-3D4B-47E0-AB9D-66F31917D201}.Debug|x64.Build.0 = Debug|x64
		{6DECE0BA-3D4B-47E0-AB9D-66F31917D201}.Release|Any CPU.ActiveCfg = Release|Any CPU
		{6DECE0BA-3D4B-47E0-AB9D-66F31917D201}.Release|Any CPU.Build.0 = Release|Any CPU
		{6DECE0BA-3D4B-47E0-AB9D-66F31917D201}.Release|x64.ActiveCfg = Release|x64
		{6DECE0BA-3D4B-47E0-AB9D-66F31917D201}.Release|x64.Build.0 = Release|x64
		{D9B0225E-5C5D-4D98-906C-AAE89F4D04D9}.Debug|Any CPU.ActiveCfg = Debug|Any CPU
		{D9B0225E-5C5D-4D98-906C-AAE89F4D04D9}.Debug|Any CPU.Build.0 = Debug|Any CPU
		{D9B0225E-5C5D-4D98-906C-AAE89F4D04D9}.Debug|x64.ActiveCfg = Debug|x64
		{D9B0225E-5C5D-4D98-906C-AAE89F4D04D9}.Debug|x64.Build.0 = Debug|x64
		{D9B0225E-5C5D-4D98-906C-AAE89F4D04D9}.Release|Any CPU.ActiveCfg = Release|Any CPU
		{D9B0225E-5C5D-4D98-906C-AAE89F4D04D9}.Release|Any CPU.Build.0 = Release|Any CPU
		{D9B0225E-5C5D-4D98-906C-AAE89F4D04D9}.Release|x64.ActiveCfg = Release|x64
		{D9B0225E-5C5D-4D98-906C-AAE89F4D04D9}.Release|x64.Build.0 = Release|x64
		{1DED6817-F7EB-4273-B793-9314D8E3E8D9}.Debug|Any CPU.ActiveCfg = Debug|Any CPU
		{1DED6817-F7EB-4273-B793-9314D8E3E8D9}.Debug|Any CPU.Build.0 = Debug|Any CPU
		{1DED6817-F7EB-4273-B793-9314D8E3E8D9}.Debug|x64.ActiveCfg = Debug|x64
		{1DED6817-F7EB-4273-B793-9314D8E3E8D9}.Debug|x64.Build.0 = Debug|x64
		{1DED6817-F7EB-4273-B793-9314D8E3E8D9}.Release|Any CPU.ActiveCfg = Release|Any CPU
		{1DED6817-F7EB-4273-B793-9314D8E3E8D9}.Release|Any CPU.Build.0 = Release|Any CPU
		{1DED6817-F7EB-4273-B793-9314D8E3E8D9}.Release|x64.ActiveCfg = Release|x64
		{1DED6817-F7EB-4273-B793-9314D8E3E8D9}.Release|x64.Build.0 = Release|x64
		{B7515421-CC85-4CB1-9EE3-F526B4509D60}.Debug|Any CPU.ActiveCfg = Debug|Any CPU
		{B7515421-CC85-4CB1-9EE3-F526B4509D60}.Debug|Any CPU.Build.0 = Debug|Any CPU
		{B7515421-CC85-4CB1-9EE3-F526B4509D60}.Debug|x64.ActiveCfg = Debug|x64
		{B7515421-CC85-4CB1-9EE3-F526B4509D60}.Debug|x64.Build.0 = Debug|x64
		{B7515421-CC85-4CB1-9EE3-F526B4509D60}.Release|Any CPU.ActiveCfg = Release|Any CPU
		{B7515421-CC85-4CB1-9EE3-F526B4509D60}.Release|Any CPU.Build.0 = Release|Any CPU
		{B7515421-CC85-4CB1-9EE3-F526B4509D60}.Release|x64.ActiveCfg = Release|x64
		{B7515421-CC85-4CB1-9EE3-F526B4509D60}.Release|x64.Build.0 = Release|x64
		{FEC31CE0-4539-4A1B-A633-78E3BDBD8C56}.Debug|Any CPU.ActiveCfg = Debug|x64
		{FEC31CE0-4539-4A1B-A633-78E3BDBD8C56}.Debug|x64.ActiveCfg = Debug|x64
		{FEC31CE0-4539-4A1B-A633-78E3BDBD8C56}.Debug|x64.Build.0 = Debug|x64
		{FEC31CE0-4539-4A1B-A633-78E3BDBD8C56}.Release|Any CPU.ActiveCfg = Release|x64
		{FEC31CE0-4539-4A1B-A633-78E3BDBD8C56}.Release|x64.ActiveCfg = Release|x64
		{FEC31CE0-4539-4A1B-A633-78E3BDBD8C56}.Release|x64.Build.0 = Release|x64
	EndGlobalSection
	GlobalSection(SolutionProperties) = preSolution
		HideSolutionNode = FALSE
	EndGlobalSection
	GlobalSection(ExtensibilityGlobals) = postSolution
		SolutionGuid = {5F8653F4-9B85-4B0B-AA0A-F4000FCE879B}
	EndGlobalSection
EndGlobal
